
Microsoft Visual Studio Solution File, Format Version 12.00
# Visual Studio Version 16
VisualStudioVersion = 16.0.30711.63
MinimumVisualStudioVersion = 10.0.40219.1
Project("{FAE04EC0-301F-11D3-BF4B-00C04F79EFBC}") = "KundeService2", "KundeService2\KundeService2.csproj", "{FFC2B553-6186-46B2-8B62-CC69B234E5CD}"
EndProject
Global
	GlobalSection(SolutionConfigurationPlatforms) = preSolution
		Debug|Any CPU = Debug|Any CPU
		Release|Any CPU = Release|Any CPU
	EndGlobalSection
	GlobalSection(ProjectConfigurationPlatforms) = postSolution
		{FFC2B553-6186-46B2-8B62-CC69B234E5CD}.Debug|Any CPU.ActiveCfg = Debug|Any CPU
		{FFC2B553-6186-46B2-8B62-CC69B234E5CD}.Debug|Any CPU.Build.0 = Debug|Any CPU
		{FFC2B553-6186-46B2-8B62-CC69B234E5CD}.Release|Any CPU.ActiveCfg = Release|Any CPU
		{FFC2B553-6186-46B2-8B62-CC69B234E5CD}.Release|Any CPU.Build.0 = Release|Any CPU
	EndGlobalSection
	GlobalSection(SolutionProperties) = preSolution
		HideSolutionNode = FALSE
	EndGlobalSection
	GlobalSection(ExtensibilityGlobals) = postSolution
		SolutionGuid = {7AFF7195-8E26-48E4-BC86-4DCC333B9FE2}
	EndGlobalSection
EndGlobal
